// !$*UTF8*$!
{
	archiveVersion = 1;
	classes = {
	};
	objectVersion = 51;
	objects = {

/* Begin PBXBuildFile section */
		2C67E9EAC2905426BC24B3FD /* Pods_ItsHappeningTests.framework in Frameworks */ = {isa = PBXBuildFile; fileRef = 9203642E298549DE610DB260 /* Pods_ItsHappeningTests.framework */; };
		5261DCA529A624B23E0FB958 /* Pods_ItsHappening.framework in Frameworks */ = {isa = PBXBuildFile; fileRef = EDA3FEAD72FD6D1AE8F929E7 /* Pods_ItsHappening.framework */; };
		7C9DC6BA96A9F3DEEE41160F /* Pods_ItsHappening_ItsHappeningUITests.framework in Frameworks */ = {isa = PBXBuildFile; fileRef = 02B4141D784D177B039B1F19 /* Pods_ItsHappening_ItsHappeningUITests.framework */; };
		B3863A7524247ECF00FC9C86 /* AppDelegate.swift in Sources */ = {isa = PBXBuildFile; fileRef = B3863A7424247ECF00FC9C86 /* AppDelegate.swift */; };
		B3863A7724247ECF00FC9C86 /* SceneDelegate.swift in Sources */ = {isa = PBXBuildFile; fileRef = B3863A7624247ECF00FC9C86 /* SceneDelegate.swift */; };
		B3863A7924247ECF00FC9C86 /* ViewController.swift in Sources */ = {isa = PBXBuildFile; fileRef = B3863A7824247ECF00FC9C86 /* ViewController.swift */; };
		B3863A7C24247ECF00FC9C86 /* Main.storyboard in Resources */ = {isa = PBXBuildFile; fileRef = B3863A7A24247ECF00FC9C86 /* Main.storyboard */; };
		B3863A7E24247ED300FC9C86 /* Assets.xcassets in Resources */ = {isa = PBXBuildFile; fileRef = B3863A7D24247ED300FC9C86 /* Assets.xcassets */; };
		B3863A8124247ED300FC9C86 /* LaunchScreen.storyboard in Resources */ = {isa = PBXBuildFile; fileRef = B3863A7F24247ED300FC9C86 /* LaunchScreen.storyboard */; };
		B3863A8C24247ED300FC9C86 /* ItsHappeningTests.swift in Sources */ = {isa = PBXBuildFile; fileRef = B3863A8B24247ED300FC9C86 /* ItsHappeningTests.swift */; };
		B3863A9724247ED400FC9C86 /* ItsHappeningUITests.swift in Sources */ = {isa = PBXBuildFile; fileRef = B3863A9624247ED400FC9C86 /* ItsHappeningUITests.swift */; };
		B3863AA5242484DE00FC9C86 /* GoogleService-Info.plist in Resources */ = {isa = PBXBuildFile; fileRef = B3863AA4242484DE00FC9C86 /* GoogleService-Info.plist */; };
		B3863AA9242490BD00FC9C86 /* FirebaseDatabaseService.swift in Sources */ = {isa = PBXBuildFile; fileRef = B3863AA8242490BD00FC9C86 /* FirebaseDatabaseService.swift */; };
		B3863AAC2424913000FC9C86 /* NSObject+Ext.swift in Sources */ = {isa = PBXBuildFile; fileRef = B3863AAB2424913000FC9C86 /* NSObject+Ext.swift */; };
		B3863AAF24249F1000FC9C86 /* Event.swift in Sources */ = {isa = PBXBuildFile; fileRef = B3863AAE24249F1000FC9C86 /* Event.swift */; };
		B3863AB224249F3800FC9C86 /* BasePojoModel.swift in Sources */ = {isa = PBXBuildFile; fileRef = B3863AB124249F3800FC9C86 /* BasePojoModel.swift */; };
		B3863AB42424A65A00FC9C86 /* Address.swift in Sources */ = {isa = PBXBuildFile; fileRef = B3863AB32424A65A00FC9C86 /* Address.swift */; };
		B3863AB924255A0300FC9C86 /* Coordinate.swift in Sources */ = {isa = PBXBuildFile; fileRef = B3863AB824255A0300FC9C86 /* Coordinate.swift */; };
/* End PBXBuildFile section */

/* Begin PBXContainerItemProxy section */
		B3863A8824247ED300FC9C86 /* PBXContainerItemProxy */ = {
			isa = PBXContainerItemProxy;
			containerPortal = B3863A6924247ECF00FC9C86 /* Project object */;
			proxyType = 1;
			remoteGlobalIDString = B3863A7024247ECF00FC9C86;
			remoteInfo = ItsHappening;
		};
		B3863A9324247ED400FC9C86 /* PBXContainerItemProxy */ = {
			isa = PBXContainerItemProxy;
			containerPortal = B3863A6924247ECF00FC9C86 /* Project object */;
			proxyType = 1;
			remoteGlobalIDString = B3863A7024247ECF00FC9C86;
			remoteInfo = ItsHappening;
		};
/* End PBXContainerItemProxy section */

/* Begin PBXFileReference section */
		02B4141D784D177B039B1F19 /* Pods_ItsHappening_ItsHappeningUITests.framework */ = {isa = PBXFileReference; explicitFileType = wrapper.framework; includeInIndex = 0; path = Pods_ItsHappening_ItsHappeningUITests.framework; sourceTree = BUILT_PRODUCTS_DIR; };
		2CBCA4BE775FB7FB7D39E32D /* Pods-ItsHappening.release.xcconfig */ = {isa = PBXFileReference; includeInIndex = 1; lastKnownFileType = text.xcconfig; name = "Pods-ItsHappening.release.xcconfig"; path = "Target Support Files/Pods-ItsHappening/Pods-ItsHappening.release.xcconfig"; sourceTree = "<group>"; };
		41450682996DD035C1B4392B /* Pods-ItsHappening.debug.xcconfig */ = {isa = PBXFileReference; includeInIndex = 1; lastKnownFileType = text.xcconfig; name = "Pods-ItsHappening.debug.xcconfig"; path = "Target Support Files/Pods-ItsHappening/Pods-ItsHappening.debug.xcconfig"; sourceTree = "<group>"; };
		5F7BDA72FAB816EFAC6506DA /* Pods-ItsHappeningTests.debug.xcconfig */ = {isa = PBXFileReference; includeInIndex = 1; lastKnownFileType = text.xcconfig; name = "Pods-ItsHappeningTests.debug.xcconfig"; path = "Target Support Files/Pods-ItsHappeningTests/Pods-ItsHappeningTests.debug.xcconfig"; sourceTree = "<group>"; };
		616E54BEE5E938C9F4C1171E /* Pods-ItsHappening-ItsHappeningUITests.debug.xcconfig */ = {isa = PBXFileReference; includeInIndex = 1; lastKnownFileType = text.xcconfig; name = "Pods-ItsHappening-ItsHappeningUITests.debug.xcconfig"; path = "Target Support Files/Pods-ItsHappening-ItsHappeningUITests/Pods-ItsHappening-ItsHappeningUITests.debug.xcconfig"; sourceTree = "<group>"; };
		69F80B19C3D9C16298A61466 /* Pods-ItsHappening-ItsHappeningUITests.release.xcconfig */ = {isa = PBXFileReference; includeInIndex = 1; lastKnownFileType = text.xcconfig; name = "Pods-ItsHappening-ItsHappeningUITests.release.xcconfig"; path = "Target Support Files/Pods-ItsHappening-ItsHappeningUITests/Pods-ItsHappening-ItsHappeningUITests.release.xcconfig"; sourceTree = "<group>"; };
		9203642E298549DE610DB260 /* Pods_ItsHappeningTests.framework */ = {isa = PBXFileReference; explicitFileType = wrapper.framework; includeInIndex = 0; path = Pods_ItsHappeningTests.framework; sourceTree = BUILT_PRODUCTS_DIR; };
		B3863A7124247ECF00FC9C86 /* ItsHappening.app */ = {isa = PBXFileReference; explicitFileType = wrapper.application; includeInIndex = 0; path = ItsHappening.app; sourceTree = BUILT_PRODUCTS_DIR; };
		B3863A7424247ECF00FC9C86 /* AppDelegate.swift */ = {isa = PBXFileReference; lastKnownFileType = sourcecode.swift; path = AppDelegate.swift; sourceTree = "<group>"; };
		B3863A7624247ECF00FC9C86 /* SceneDelegate.swift */ = {isa = PBXFileReference; lastKnownFileType = sourcecode.swift; path = SceneDelegate.swift; sourceTree = "<group>"; };
		B3863A7824247ECF00FC9C86 /* ViewController.swift */ = {isa = PBXFileReference; lastKnownFileType = sourcecode.swift; path = ViewController.swift; sourceTree = "<group>"; };
		B3863A7B24247ECF00FC9C86 /* Base */ = {isa = PBXFileReference; lastKnownFileType = file.storyboard; name = Base; path = Base.lproj/Main.storyboard; sourceTree = "<group>"; };
		B3863A7D24247ED300FC9C86 /* Assets.xcassets */ = {isa = PBXFileReference; lastKnownFileType = folder.assetcatalog; path = Assets.xcassets; sourceTree = "<group>"; };
		B3863A8024247ED300FC9C86 /* Base */ = {isa = PBXFileReference; lastKnownFileType = file.storyboard; name = Base; path = Base.lproj/LaunchScreen.storyboard; sourceTree = "<group>"; };
		B3863A8224247ED300FC9C86 /* Info.plist */ = {isa = PBXFileReference; lastKnownFileType = text.plist.xml; path = Info.plist; sourceTree = "<group>"; };
		B3863A8724247ED300FC9C86 /* ItsHappeningTests.xctest */ = {isa = PBXFileReference; explicitFileType = wrapper.cfbundle; includeInIndex = 0; path = ItsHappeningTests.xctest; sourceTree = BUILT_PRODUCTS_DIR; };
		B3863A8B24247ED300FC9C86 /* ItsHappeningTests.swift */ = {isa = PBXFileReference; lastKnownFileType = sourcecode.swift; path = ItsHappeningTests.swift; sourceTree = "<group>"; };
		B3863A8D24247ED300FC9C86 /* Info.plist */ = {isa = PBXFileReference; lastKnownFileType = text.plist.xml; path = Info.plist; sourceTree = "<group>"; };
		B3863A9224247ED400FC9C86 /* ItsHappeningUITests.xctest */ = {isa = PBXFileReference; explicitFileType = wrapper.cfbundle; includeInIndex = 0; path = ItsHappeningUITests.xctest; sourceTree = BUILT_PRODUCTS_DIR; };
		B3863A9624247ED400FC9C86 /* ItsHappeningUITests.swift */ = {isa = PBXFileReference; lastKnownFileType = sourcecode.swift; path = ItsHappeningUITests.swift; sourceTree = "<group>"; };
		B3863A9824247ED400FC9C86 /* Info.plist */ = {isa = PBXFileReference; lastKnownFileType = text.plist.xml; path = Info.plist; sourceTree = "<group>"; };
		B3863AA4242484DE00FC9C86 /* GoogleService-Info.plist */ = {isa = PBXFileReference; fileEncoding = 4; lastKnownFileType = text.plist.xml; path = "GoogleService-Info.plist"; sourceTree = "<group>"; };
		B3863AA8242490BD00FC9C86 /* FirebaseDatabaseService.swift */ = {isa = PBXFileReference; lastKnownFileType = sourcecode.swift; path = FirebaseDatabaseService.swift; sourceTree = "<group>"; };
		B3863AAB2424913000FC9C86 /* NSObject+Ext.swift */ = {isa = PBXFileReference; lastKnownFileType = sourcecode.swift; path = "NSObject+Ext.swift"; sourceTree = "<group>"; };
		B3863AAE24249F1000FC9C86 /* Event.swift */ = {isa = PBXFileReference; lastKnownFileType = sourcecode.swift; path = Event.swift; sourceTree = "<group>"; };
		B3863AB124249F3800FC9C86 /* BasePojoModel.swift */ = {isa = PBXFileReference; lastKnownFileType = sourcecode.swift; path = BasePojoModel.swift; sourceTree = "<group>"; };
		B3863AB32424A65A00FC9C86 /* Address.swift */ = {isa = PBXFileReference; lastKnownFileType = sourcecode.swift; path = Address.swift; sourceTree = "<group>"; };
		B3863AB824255A0300FC9C86 /* Coordinate.swift */ = {isa = PBXFileReference; lastKnownFileType = sourcecode.swift; path = Coordinate.swift; sourceTree = "<group>"; };
		BD2E6088E8EAF55D9B6ABAF1 /* Pods-ItsHappeningTests.release.xcconfig */ = {isa = PBXFileReference; includeInIndex = 1; lastKnownFileType = text.xcconfig; name = "Pods-ItsHappeningTests.release.xcconfig"; path = "Target Support Files/Pods-ItsHappeningTests/Pods-ItsHappeningTests.release.xcconfig"; sourceTree = "<group>"; };
		EDA3FEAD72FD6D1AE8F929E7 /* Pods_ItsHappening.framework */ = {isa = PBXFileReference; explicitFileType = wrapper.framework; includeInIndex = 0; path = Pods_ItsHappening.framework; sourceTree = BUILT_PRODUCTS_DIR; };
/* End PBXFileReference section */

/* Begin PBXFrameworksBuildPhase section */
		B3863A6E24247ECF00FC9C86 /* Frameworks */ = {
			isa = PBXFrameworksBuildPhase;
			buildActionMask = 2147483647;
			files = (
				5261DCA529A624B23E0FB958 /* Pods_ItsHappening.framework in Frameworks */,
			);
			runOnlyForDeploymentPostprocessing = 0;
		};
		B3863A8424247ED300FC9C86 /* Frameworks */ = {
			isa = PBXFrameworksBuildPhase;
			buildActionMask = 2147483647;
			files = (
				2C67E9EAC2905426BC24B3FD /* Pods_ItsHappeningTests.framework in Frameworks */,
			);
			runOnlyForDeploymentPostprocessing = 0;
		};
		B3863A8F24247ED400FC9C86 /* Frameworks */ = {
			isa = PBXFrameworksBuildPhase;
			buildActionMask = 2147483647;
			files = (
				7C9DC6BA96A9F3DEEE41160F /* Pods_ItsHappening_ItsHappeningUITests.framework in Frameworks */,
			);
			runOnlyForDeploymentPostprocessing = 0;
		};
/* End PBXFrameworksBuildPhase section */

/* Begin PBXGroup section */
		805076E9D3E58E83196A2A8E /* Pods */ = {
			isa = PBXGroup;
			children = (
				41450682996DD035C1B4392B /* Pods-ItsHappening.debug.xcconfig */,
				2CBCA4BE775FB7FB7D39E32D /* Pods-ItsHappening.release.xcconfig */,
				616E54BEE5E938C9F4C1171E /* Pods-ItsHappening-ItsHappeningUITests.debug.xcconfig */,
				69F80B19C3D9C16298A61466 /* Pods-ItsHappening-ItsHappeningUITests.release.xcconfig */,
				5F7BDA72FAB816EFAC6506DA /* Pods-ItsHappeningTests.debug.xcconfig */,
				BD2E6088E8EAF55D9B6ABAF1 /* Pods-ItsHappeningTests.release.xcconfig */,
			);
			path = Pods;
			sourceTree = "<group>";
		};
		A9E16DCA102734C47A890BA2 /* Frameworks */ = {
			isa = PBXGroup;
			children = (
				EDA3FEAD72FD6D1AE8F929E7 /* Pods_ItsHappening.framework */,
				02B4141D784D177B039B1F19 /* Pods_ItsHappening_ItsHappeningUITests.framework */,
				9203642E298549DE610DB260 /* Pods_ItsHappeningTests.framework */,
			);
			name = Frameworks;
			sourceTree = "<group>";
		};
		B3863A6824247ECF00FC9C86 = {
			isa = PBXGroup;
			children = (
				B3863A7324247ECF00FC9C86 /* ItsHappening */,
				B3863A8A24247ED300FC9C86 /* ItsHappeningTests */,
				B3863A9524247ED400FC9C86 /* ItsHappeningUITests */,
				B3863A7224247ECF00FC9C86 /* Products */,
				805076E9D3E58E83196A2A8E /* Pods */,
				A9E16DCA102734C47A890BA2 /* Frameworks */,
			);
			sourceTree = "<group>";
		};
		B3863A7224247ECF00FC9C86 /* Products */ = {
			isa = PBXGroup;
			children = (
				B3863A7124247ECF00FC9C86 /* ItsHappening.app */,
				B3863A8724247ED300FC9C86 /* ItsHappeningTests.xctest */,
				B3863A9224247ED400FC9C86 /* ItsHappeningUITests.xctest */,
			);
			name = Products;
			sourceTree = "<group>";
		};
		B3863A7324247ECF00FC9C86 /* ItsHappening */ = {
			isa = PBXGroup;
			children = (
				B3863AAD24249F0200FC9C86 /* Models */,
				B3863AAA2424911A00FC9C86 /* Extensions */,
				B3863AA62424909500FC9C86 /* Services */,
				B3863AA4242484DE00FC9C86 /* GoogleService-Info.plist */,
				B3863A7424247ECF00FC9C86 /* AppDelegate.swift */,
				B3863A7624247ECF00FC9C86 /* SceneDelegate.swift */,
				B3863A7824247ECF00FC9C86 /* ViewController.swift */,
				B3863A7A24247ECF00FC9C86 /* Main.storyboard */,
				B3863A7D24247ED300FC9C86 /* Assets.xcassets */,
				B3863A7F24247ED300FC9C86 /* LaunchScreen.storyboard */,
				B3863A8224247ED300FC9C86 /* Info.plist */,
			);
			path = ItsHappening;
			sourceTree = "<group>";
		};
		B3863A8A24247ED300FC9C86 /* ItsHappeningTests */ = {
			isa = PBXGroup;
			children = (
				B3863A8B24247ED300FC9C86 /* ItsHappeningTests.swift */,
				B3863A8D24247ED300FC9C86 /* Info.plist */,
			);
			path = ItsHappeningTests;
			sourceTree = "<group>";
		};
		B3863A9524247ED400FC9C86 /* ItsHappeningUITests */ = {
			isa = PBXGroup;
			children = (
				B3863A9624247ED400FC9C86 /* ItsHappeningUITests.swift */,
				B3863A9824247ED400FC9C86 /* Info.plist */,
			);
			path = ItsHappeningUITests;
			sourceTree = "<group>";
		};
		B3863AA62424909500FC9C86 /* Services */ = {
			isa = PBXGroup;
			children = (
				B3863AA7242490A600FC9C86 /* Firebase */,
			);
			path = Services;
			sourceTree = "<group>";
		};
		B3863AA7242490A600FC9C86 /* Firebase */ = {
			isa = PBXGroup;
			children = (
				B3863AA8242490BD00FC9C86 /* FirebaseDatabaseService.swift */,
			);
			path = Firebase;
			sourceTree = "<group>";
		};
		B3863AAA2424911A00FC9C86 /* Extensions */ = {
			isa = PBXGroup;
			children = (
				B3863AAB2424913000FC9C86 /* NSObject+Ext.swift */,
			);
			path = Extensions;
			sourceTree = "<group>";
		};
		B3863AAD24249F0200FC9C86 /* Models */ = {
			isa = PBXGroup;
			children = (
				B3863AB024249F2100FC9C86 /* Base */,
				B3863AAE24249F1000FC9C86 /* Event.swift */,
				B3863AB32424A65A00FC9C86 /* Address.swift */,
				B3863AB824255A0300FC9C86 /* Coordinate.swift */,
			);
			path = Models;
			sourceTree = "<group>";
		};
		B3863AB024249F2100FC9C86 /* Base */ = {
			isa = PBXGroup;
			children = (
				B3863AB124249F3800FC9C86 /* BasePojoModel.swift */,
			);
			path = Base;
			sourceTree = "<group>";
		};
/* End PBXGroup section */

/* Begin PBXNativeTarget section */
		B3863A7024247ECF00FC9C86 /* ItsHappening */ = {
			isa = PBXNativeTarget;
			buildConfigurationList = B3863A9B24247ED400FC9C86 /* Build configuration list for PBXNativeTarget "ItsHappening" */;
			buildPhases = (
				DE06190C2E93D6FAC8CFF785 /* [CP] Check Pods Manifest.lock */,
				B3863A6D24247ECF00FC9C86 /* Sources */,
				B3863A6E24247ECF00FC9C86 /* Frameworks */,
				B3863A6F24247ECF00FC9C86 /* Resources */,
				58B91FBEB6A6A62666BC615A /* [CP] Embed Pods Frameworks */,
			);
			buildRules = (
			);
			dependencies = (
			);
			name = ItsHappening;
			productName = ItsHappening;
			productReference = B3863A7124247ECF00FC9C86 /* ItsHappening.app */;
			productType = "com.apple.product-type.application";
		};
		B3863A8624247ED300FC9C86 /* ItsHappeningTests */ = {
			isa = PBXNativeTarget;
			buildConfigurationList = B3863A9E24247ED400FC9C86 /* Build configuration list for PBXNativeTarget "ItsHappeningTests" */;
			buildPhases = (
				117983F02DFB2680D1F4984B /* [CP] Check Pods Manifest.lock */,
				B3863A8324247ED300FC9C86 /* Sources */,
				B3863A8424247ED300FC9C86 /* Frameworks */,
				B3863A8524247ED300FC9C86 /* Resources */,
			);
			buildRules = (
			);
			dependencies = (
				B3863A8924247ED300FC9C86 /* PBXTargetDependency */,
			);
			name = ItsHappeningTests;
			productName = ItsHappeningTests;
			productReference = B3863A8724247ED300FC9C86 /* ItsHappeningTests.xctest */;
			productType = "com.apple.product-type.bundle.unit-test";
		};
		B3863A9124247ED400FC9C86 /* ItsHappeningUITests */ = {
			isa = PBXNativeTarget;
			buildConfigurationList = B3863AA124247ED400FC9C86 /* Build configuration list for PBXNativeTarget "ItsHappeningUITests" */;
			buildPhases = (
				8AFED0ACA8C3C970B45E647D /* [CP] Check Pods Manifest.lock */,
				B3863A8E24247ED400FC9C86 /* Sources */,
				B3863A8F24247ED400FC9C86 /* Frameworks */,
				B3863A9024247ED400FC9C86 /* Resources */,
				FABC82C5B39B741D92604AEF /* [CP] Embed Pods Frameworks */,
			);
			buildRules = (
			);
			dependencies = (
				B3863A9424247ED400FC9C86 /* PBXTargetDependency */,
			);
			name = ItsHappeningUITests;
			productName = ItsHappeningUITests;
			productReference = B3863A9224247ED400FC9C86 /* ItsHappeningUITests.xctest */;
			productType = "com.apple.product-type.bundle.ui-testing";
		};
/* End PBXNativeTarget section */

/* Begin PBXProject section */
		B3863A6924247ECF00FC9C86 /* Project object */ = {
			isa = PBXProject;
			attributes = {
				LastSwiftUpdateCheck = 1130;
				LastUpgradeCheck = 1130;
				ORGANIZATIONNAME = "Oleg McNamara";
				TargetAttributes = {
					B3863A7024247ECF00FC9C86 = {
						CreatedOnToolsVersion = 11.3.1;
					};
					B3863A8624247ED300FC9C86 = {
						CreatedOnToolsVersion = 11.3.1;
						TestTargetID = B3863A7024247ECF00FC9C86;
					};
					B3863A9124247ED400FC9C86 = {
						CreatedOnToolsVersion = 11.3.1;
						TestTargetID = B3863A7024247ECF00FC9C86;
					};
				};
			};
			buildConfigurationList = B3863A6C24247ECF00FC9C86 /* Build configuration list for PBXProject "ItsHappening" */;
			compatibilityVersion = "Xcode 9.3";
			developmentRegion = en;
			hasScannedForEncodings = 0;
			knownRegions = (
				en,
				Base,
			);
			mainGroup = B3863A6824247ECF00FC9C86;
			productRefGroup = B3863A7224247ECF00FC9C86 /* Products */;
			projectDirPath = "";
			projectRoot = "";
			targets = (
				B3863A7024247ECF00FC9C86 /* ItsHappening */,
				B3863A8624247ED300FC9C86 /* ItsHappeningTests */,
				B3863A9124247ED400FC9C86 /* ItsHappeningUITests */,
			);
		};
/* End PBXProject section */

/* Begin PBXResourcesBuildPhase section */
		B3863A6F24247ECF00FC9C86 /* Resources */ = {
			isa = PBXResourcesBuildPhase;
			buildActionMask = 2147483647;
			files = (
				B3863A8124247ED300FC9C86 /* LaunchScreen.storyboard in Resources */,
				B3863AA5242484DE00FC9C86 /* GoogleService-Info.plist in Resources */,
				B3863A7E24247ED300FC9C86 /* Assets.xcassets in Resources */,
				B3863A7C24247ECF00FC9C86 /* Main.storyboard in Resources */,
			);
			runOnlyForDeploymentPostprocessing = 0;
		};
		B3863A8524247ED300FC9C86 /* Resources */ = {
			isa = PBXResourcesBuildPhase;
			buildActionMask = 2147483647;
			files = (
			);
			runOnlyForDeploymentPostprocessing = 0;
		};
		B3863A9024247ED400FC9C86 /* Resources */ = {
			isa = PBXResourcesBuildPhase;
			buildActionMask = 2147483647;
			files = (
			);
			runOnlyForDeploymentPostprocessing = 0;
		};
/* End PBXResourcesBuildPhase section */

/* Begin PBXShellScriptBuildPhase section */
		117983F02DFB2680D1F4984B /* [CP] Check Pods Manifest.lock */ = {
			isa = PBXShellScriptBuildPhase;
			buildActionMask = 2147483647;
			files = (
			);
			inputFileListPaths = (
			);
			inputPaths = (
				"${PODS_PODFILE_DIR_PATH}/Podfile.lock",
				"${PODS_ROOT}/Manifest.lock",
			);
			name = "[CP] Check Pods Manifest.lock";
			outputFileListPaths = (
			);
			outputPaths = (
				"$(DERIVED_FILE_DIR)/Pods-ItsHappeningTests-checkManifestLockResult.txt",
			);
			runOnlyForDeploymentPostprocessing = 0;
			shellPath = /bin/sh;
			shellScript = "diff \"${PODS_PODFILE_DIR_PATH}/Podfile.lock\" \"${PODS_ROOT}/Manifest.lock\" > /dev/null\nif [ $? != 0 ] ; then\n    # print error to STDERR\n    echo \"error: The sandbox is not in sync with the Podfile.lock. Run 'pod install' or update your CocoaPods installation.\" >&2\n    exit 1\nfi\n# This output is used by Xcode 'outputs' to avoid re-running this script phase.\necho \"SUCCESS\" > \"${SCRIPT_OUTPUT_FILE_0}\"\n";
			showEnvVarsInLog = 0;
		};
		58B91FBEB6A6A62666BC615A /* [CP] Embed Pods Frameworks */ = {
			isa = PBXShellScriptBuildPhase;
			buildActionMask = 2147483647;
			files = (
			);
			inputFileListPaths = (
				"${PODS_ROOT}/Target Support Files/Pods-ItsHappening/Pods-ItsHappening-frameworks-${CONFIGURATION}-input-files.xcfilelist",
			);
			name = "[CP] Embed Pods Frameworks";
			outputFileListPaths = (
				"${PODS_ROOT}/Target Support Files/Pods-ItsHappening/Pods-ItsHappening-frameworks-${CONFIGURATION}-output-files.xcfilelist",
			);
			runOnlyForDeploymentPostprocessing = 0;
			shellPath = /bin/sh;
			shellScript = "\"${PODS_ROOT}/Target Support Files/Pods-ItsHappening/Pods-ItsHappening-frameworks.sh\"\n";
			showEnvVarsInLog = 0;
		};
		8AFED0ACA8C3C970B45E647D /* [CP] Check Pods Manifest.lock */ = {
			isa = PBXShellScriptBuildPhase;
			buildActionMask = 2147483647;
			files = (
			);
			inputFileListPaths = (
			);
			inputPaths = (
				"${PODS_PODFILE_DIR_PATH}/Podfile.lock",
				"${PODS_ROOT}/Manifest.lock",
			);
			name = "[CP] Check Pods Manifest.lock";
			outputFileListPaths = (
			);
			outputPaths = (
				"$(DERIVED_FILE_DIR)/Pods-ItsHappening-ItsHappeningUITests-checkManifestLockResult.txt",
			);
			runOnlyForDeploymentPostprocessing = 0;
			shellPath = /bin/sh;
			shellScript = "diff \"${PODS_PODFILE_DIR_PATH}/Podfile.lock\" \"${PODS_ROOT}/Manifest.lock\" > /dev/null\nif [ $? != 0 ] ; then\n    # print error to STDERR\n    echo \"error: The sandbox is not in sync with the Podfile.lock. Run 'pod install' or update your CocoaPods installation.\" >&2\n    exit 1\nfi\n# This output is used by Xcode 'outputs' to avoid re-running this script phase.\necho \"SUCCESS\" > \"${SCRIPT_OUTPUT_FILE_0}\"\n";
			showEnvVarsInLog = 0;
		};
		DE06190C2E93D6FAC8CFF785 /* [CP] Check Pods Manifest.lock */ = {
			isa = PBXShellScriptBuildPhase;
			buildActionMask = 2147483647;
			files = (
			);
			inputFileListPaths = (
			);
			inputPaths = (
				"${PODS_PODFILE_DIR_PATH}/Podfile.lock",
				"${PODS_ROOT}/Manifest.lock",
			);
			name = "[CP] Check Pods Manifest.lock";
			outputFileListPaths = (
			);
			outputPaths = (
				"$(DERIVED_FILE_DIR)/Pods-ItsHappening-checkManifestLockResult.txt",
			);
			runOnlyForDeploymentPostprocessing = 0;
			shellPath = /bin/sh;
			shellScript = "diff \"${PODS_PODFILE_DIR_PATH}/Podfile.lock\" \"${PODS_ROOT}/Manifest.lock\" > /dev/null\nif [ $? != 0 ] ; then\n    # print error to STDERR\n    echo \"error: The sandbox is not in sync with the Podfile.lock. Run 'pod install' or update your CocoaPods installation.\" >&2\n    exit 1\nfi\n# This output is used by Xcode 'outputs' to avoid re-running this script phase.\necho \"SUCCESS\" > \"${SCRIPT_OUTPUT_FILE_0}\"\n";
			showEnvVarsInLog = 0;
		};
		FABC82C5B39B741D92604AEF /* [CP] Embed Pods Frameworks */ = {
			isa = PBXShellScriptBuildPhase;
			buildActionMask = 2147483647;
			files = (
			);
			inputFileListPaths = (
				"${PODS_ROOT}/Target Support Files/Pods-ItsHappening-ItsHappeningUITests/Pods-ItsHappening-ItsHappeningUITests-frameworks-${CONFIGURATION}-input-files.xcfilelist",
			);
			name = "[CP] Embed Pods Frameworks";
			outputFileListPaths = (
				"${PODS_ROOT}/Target Support Files/Pods-ItsHappening-ItsHappeningUITests/Pods-ItsHappening-ItsHappeningUITests-frameworks-${CONFIGURATION}-output-files.xcfilelist",
			);
			runOnlyForDeploymentPostprocessing = 0;
			shellPath = /bin/sh;
			shellScript = "\"${PODS_ROOT}/Target Support Files/Pods-ItsHappening-ItsHappeningUITests/Pods-ItsHappening-ItsHappeningUITests-frameworks.sh\"\n";
			showEnvVarsInLog = 0;
		};
/* End PBXShellScriptBuildPhase section */

/* Begin PBXSourcesBuildPhase section */
		B3863A6D24247ECF00FC9C86 /* Sources */ = {
			isa = PBXSourcesBuildPhase;
			buildActionMask = 2147483647;
			files = (
				B3863A7924247ECF00FC9C86 /* ViewController.swift in Sources */,
				B3863AAC2424913000FC9C86 /* NSObject+Ext.swift in Sources */,
				B3863AB224249F3800FC9C86 /* BasePojoModel.swift in Sources */,
				B3863A7524247ECF00FC9C86 /* AppDelegate.swift in Sources */,
				B3863A7724247ECF00FC9C86 /* SceneDelegate.swift in Sources */,
				B3863AB924255A0300FC9C86 /* Coordinate.swift in Sources */,
				B3863AAF24249F1000FC9C86 /* Event.swift in Sources */,
				B3863AB42424A65A00FC9C86 /* Address.swift in Sources */,
				B3863AA9242490BD00FC9C86 /* FirebaseDatabaseService.swift in Sources */,
			);
			runOnlyForDeploymentPostprocessing = 0;
		};
		B3863A8324247ED300FC9C86 /* Sources */ = {
			isa = PBXSourcesBuildPhase;
			buildActionMask = 2147483647;
			files = (
				B3863A8C24247ED300FC9C86 /* ItsHappeningTests.swift in Sources */,
			);
			runOnlyForDeploymentPostprocessing = 0;
		};
		B3863A8E24247ED400FC9C86 /* Sources */ = {
			isa = PBXSourcesBuildPhase;
			buildActionMask = 2147483647;
			files = (
				B3863A9724247ED400FC9C86 /* ItsHappeningUITests.swift in Sources */,
			);
			runOnlyForDeploymentPostprocessing = 0;
		};
/* End PBXSourcesBuildPhase section */

/* Begin PBXTargetDependency section */
		B3863A8924247ED300FC9C86 /* PBXTargetDependency */ = {
			isa = PBXTargetDependency;
			target = B3863A7024247ECF00FC9C86 /* ItsHappening */;
			targetProxy = B3863A8824247ED300FC9C86 /* PBXContainerItemProxy */;
		};
		B3863A9424247ED400FC9C86 /* PBXTargetDependency */ = {
			isa = PBXTargetDependency;
			target = B3863A7024247ECF00FC9C86 /* ItsHappening */;
			targetProxy = B3863A9324247ED400FC9C86 /* PBXContainerItemProxy */;
		};
/* End PBXTargetDependency section */

/* Begin PBXVariantGroup section */
		B3863A7A24247ECF00FC9C86 /* Main.storyboard */ = {
			isa = PBXVariantGroup;
			children = (
				B3863A7B24247ECF00FC9C86 /* Base */,
			);
			name = Main.storyboard;
			sourceTree = "<group>";
		};
		B3863A7F24247ED300FC9C86 /* LaunchScreen.storyboard */ = {
			isa = PBXVariantGroup;
			children = (
				B3863A8024247ED300FC9C86 /* Base */,
			);
			name = LaunchScreen.storyboard;
			sourceTree = "<group>";
		};
/* End PBXVariantGroup section */

/* Begin XCBuildConfiguration section */
		B3863A9924247ED400FC9C86 /* Debug */ = {
			isa = XCBuildConfiguration;
			buildSettings = {
				ALWAYS_SEARCH_USER_PATHS = NO;
				CLANG_ANALYZER_NONNULL = YES;
				CLANG_ANALYZER_NUMBER_OBJECT_CONVERSION = YES_AGGRESSIVE;
				CLANG_CXX_LANGUAGE_STANDARD = "gnu++14";
				CLANG_CXX_LIBRARY = "libc++";
				CLANG_ENABLE_MODULES = YES;
				CLANG_ENABLE_OBJC_ARC = YES;
				CLANG_ENABLE_OBJC_WEAK = YES;
				CLANG_WARN_BLOCK_CAPTURE_AUTORELEASING = YES;
				CLANG_WARN_BOOL_CONVERSION = YES;
				CLANG_WARN_COMMA = YES;
				CLANG_WARN_CONSTANT_CONVERSION = YES;
				CLANG_WARN_DEPRECATED_OBJC_IMPLEMENTATIONS = YES;
				CLANG_WARN_DIRECT_OBJC_ISA_USAGE = YES_ERROR;
				CLANG_WARN_DOCUMENTATION_COMMENTS = YES;
				CLANG_WARN_EMPTY_BODY = YES;
				CLANG_WARN_ENUM_CONVERSION = YES;
				CLANG_WARN_INFINITE_RECURSION = YES;
				CLANG_WARN_INT_CONVERSION = YES;
				CLANG_WARN_NON_LITERAL_NULL_CONVERSION = YES;
				CLANG_WARN_OBJC_IMPLICIT_RETAIN_SELF = YES;
				CLANG_WARN_OBJC_LITERAL_CONVERSION = YES;
				CLANG_WARN_OBJC_ROOT_CLASS = YES_ERROR;
				CLANG_WARN_RANGE_LOOP_ANALYSIS = YES;
				CLANG_WARN_STRICT_PROTOTYPES = YES;
				CLANG_WARN_SUSPICIOUS_MOVE = YES;
				CLANG_WARN_UNGUARDED_AVAILABILITY = YES_AGGRESSIVE;
				CLANG_WARN_UNREACHABLE_CODE = YES;
				CLANG_WARN__DUPLICATE_METHOD_MATCH = YES;
				COPY_PHASE_STRIP = NO;
				DEBUG_INFORMATION_FORMAT = dwarf;
				ENABLE_STRICT_OBJC_MSGSEND = YES;
				ENABLE_TESTABILITY = YES;
				GCC_C_LANGUAGE_STANDARD = gnu11;
				GCC_DYNAMIC_NO_PIC = NO;
				GCC_NO_COMMON_BLOCKS = YES;
				GCC_OPTIMIZATION_LEVEL = 0;
				GCC_PREPROCESSOR_DEFINITIONS = (
					"DEBUG=1",
					"$(inherited)",
				);
				GCC_WARN_64_TO_32_BIT_CONVERSION = YES;
				GCC_WARN_ABOUT_RETURN_TYPE = YES_ERROR;
				GCC_WARN_UNDECLARED_SELECTOR = YES;
				GCC_WARN_UNINITIALIZED_AUTOS = YES_AGGRESSIVE;
				GCC_WARN_UNUSED_FUNCTION = YES;
				GCC_WARN_UNUSED_VARIABLE = YES;
				IPHONEOS_DEPLOYMENT_TARGET = 13.2;
				MTL_ENABLE_DEBUG_INFO = INCLUDE_SOURCE;
				MTL_FAST_MATH = YES;
				ONLY_ACTIVE_ARCH = YES;
				SDKROOT = iphoneos;
				SWIFT_ACTIVE_COMPILATION_CONDITIONS = DEBUG;
				SWIFT_OPTIMIZATION_LEVEL = "-Onone";
			};
			name = Debug;
		};
		B3863A9A24247ED400FC9C86 /* Release */ = {
			isa = XCBuildConfiguration;
			buildSettings = {
				ALWAYS_SEARCH_USER_PATHS = NO;
				CLANG_ANALYZER_NONNULL = YES;
				CLANG_ANALYZER_NUMBER_OBJECT_CONVERSION = YES_AGGRESSIVE;
				CLANG_CXX_LANGUAGE_STANDARD = "gnu++14";
				CLANG_CXX_LIBRARY = "libc++";
				CLANG_ENABLE_MODULES = YES;
				CLANG_ENABLE_OBJC_ARC = YES;
				CLANG_ENABLE_OBJC_WEAK = YES;
				CLANG_WARN_BLOCK_CAPTURE_AUTORELEASING = YES;
				CLANG_WARN_BOOL_CONVERSION = YES;
				CLANG_WARN_COMMA = YES;
				CLANG_WARN_CONSTANT_CONVERSION = YES;
				CLANG_WARN_DEPRECATED_OBJC_IMPLEMENTATIONS = YES;
				CLANG_WARN_DIRECT_OBJC_ISA_USAGE = YES_ERROR;
				CLANG_WARN_DOCUMENTATION_COMMENTS = YES;
				CLANG_WARN_EMPTY_BODY = YES;
				CLANG_WARN_ENUM_CONVERSION = YES;
				CLANG_WARN_INFINITE_RECURSION = YES;
				CLANG_WARN_INT_CONVERSION = YES;
				CLANG_WARN_NON_LITERAL_NULL_CONVERSION = YES;
				CLANG_WARN_OBJC_IMPLICIT_RETAIN_SELF = YES;
				CLANG_WARN_OBJC_LITERAL_CONVERSION = YES;
				CLANG_WARN_OBJC_ROOT_CLASS = YES_ERROR;
				CLANG_WARN_RANGE_LOOP_ANALYSIS = YES;
				CLANG_WARN_STRICT_PROTOTYPES = YES;
				CLANG_WARN_SUSPICIOUS_MOVE = YES;
				CLANG_WARN_UNGUARDED_AVAILABILITY = YES_AGGRESSIVE;
				CLANG_WARN_UNREACHABLE_CODE = YES;
				CLANG_WARN__DUPLICATE_METHOD_MATCH = YES;
				COPY_PHASE_STRIP = NO;
				DEBUG_INFORMATION_FORMAT = "dwarf-with-dsym";
				ENABLE_NS_ASSERTIONS = NO;
				ENABLE_STRICT_OBJC_MSGSEND = YES;
				GCC_C_LANGUAGE_STANDARD = gnu11;
				GCC_NO_COMMON_BLOCKS = YES;
				GCC_WARN_64_TO_32_BIT_CONVERSION = YES;
				GCC_WARN_ABOUT_RETURN_TYPE = YES_ERROR;
				GCC_WARN_UNDECLARED_SELECTOR = YES;
				GCC_WARN_UNINITIALIZED_AUTOS = YES_AGGRESSIVE;
				GCC_WARN_UNUSED_FUNCTION = YES;
				GCC_WARN_UNUSED_VARIABLE = YES;
				IPHONEOS_DEPLOYMENT_TARGET = 13.2;
				MTL_ENABLE_DEBUG_INFO = NO;
				MTL_FAST_MATH = YES;
				SDKROOT = iphoneos;
				SWIFT_COMPILATION_MODE = wholemodule;
				SWIFT_OPTIMIZATION_LEVEL = "-O";
				VALIDATE_PRODUCT = YES;
			};
			name = Release;
		};
		B3863A9C24247ED400FC9C86 /* Debug */ = {
			isa = XCBuildConfiguration;
			baseConfigurationReference = 41450682996DD035C1B4392B /* Pods-ItsHappening.debug.xcconfig */;
			buildSettings = {
				ASSETCATALOG_COMPILER_APPICON_NAME = AppIcon;
				CODE_SIGN_STYLE = Automatic;
				DEVELOPMENT_TEAM = 58RPV4653W;
				INFOPLIST_FILE = ItsHappening/Info.plist;
				LD_RUNPATH_SEARCH_PATHS = (
					"$(inherited)",
					"@executable_path/Frameworks",
				);
				PRODUCT_BUNDLE_IDENTIFIER = com.its.happening.ItsHappening;
				PRODUCT_NAME = "$(TARGET_NAME)";
				SWIFT_VERSION = 5.0;
				TARGETED_DEVICE_FAMILY = "1,2";
			};
			name = Debug;
		};
		B3863A9D24247ED400FC9C86 /* Release */ = {
			isa = XCBuildConfiguration;
			baseConfigurationReference = 2CBCA4BE775FB7FB7D39E32D /* Pods-ItsHappening.release.xcconfig */;
			buildSettings = {
				ASSETCATALOG_COMPILER_APPICON_NAME = AppIcon;
				CODE_SIGN_STYLE = Automatic;
				DEVELOPMENT_TEAM = 58RPV4653W;
				INFOPLIST_FILE = ItsHappening/Info.plist;
				LD_RUNPATH_SEARCH_PATHS = (
					"$(inherited)",
					"@executable_path/Frameworks",
				);
				PRODUCT_BUNDLE_IDENTIFIER = com.its.happening.ItsHappening;
				PRODUCT_NAME = "$(TARGET_NAME)";
				SWIFT_VERSION = 5.0;
				TARGETED_DEVICE_FAMILY = "1,2";
			};
			name = Release;
		};
		B3863A9F24247ED400FC9C86 /* Debug */ = {
			isa = XCBuildConfiguration;
			baseConfigurationReference = 5F7BDA72FAB816EFAC6506DA /* Pods-ItsHappeningTests.debug.xcconfig */;
			buildSettings = {
				ALWAYS_EMBED_SWIFT_STANDARD_LIBRARIES = YES;
				BUNDLE_LOADER = "$(TEST_HOST)";
				CODE_SIGN_STYLE = Automatic;
				DEVELOPMENT_TEAM = 58RPV4653W;
				INFOPLIST_FILE = ItsHappeningTests/Info.plist;
				IPHONEOS_DEPLOYMENT_TARGET = 13.2;
				LD_RUNPATH_SEARCH_PATHS = (
					"$(inherited)",
					"@executable_path/Frameworks",
					"@loader_path/Frameworks",
				);
				PRODUCT_BUNDLE_IDENTIFIER = com.its.happening.ItsHappeningTests;
				PRODUCT_NAME = "$(TARGET_NAME)";
				SWIFT_VERSION = 5.0;
				TARGETED_DEVICE_FAMILY = "1,2";
				TEST_HOST = "$(BUILT_PRODUCTS_DIR)/ItsHappening.app/ItsHappening";
			};
			name = Debug;
		};
		B3863AA024247ED400FC9C86 /* Release */ = {
			isa = XCBuildConfiguration;
			baseConfigurationReference = BD2E6088E8EAF55D9B6ABAF1 /* Pods-ItsHappeningTests.release.xcconfig */;
			buildSettings = {
				ALWAYS_EMBED_SWIFT_STANDARD_LIBRARIES = YES;
				BUNDLE_LOADER = "$(TEST_HOST)";
				CODE_SIGN_STYLE = Automatic;
				DEVELOPMENT_TEAM = 58RPV4653W;
				INFOPLIST_FILE = ItsHappeningTests/Info.plist;
				IPHONEOS_DEPLOYMENT_TARGET = 13.2;
				LD_RUNPATH_SEARCH_PATHS = (
					"$(inherited)",
					"@executable_path/Frameworks",
					"@loader_path/Frameworks",
				);
				PRODUCT_BUNDLE_IDENTIFIER = com.its.happening.ItsHappeningTests;
				PRODUCT_NAME = "$(TARGET_NAME)";
				SWIFT_VERSION = 5.0;
				TARGETED_DEVICE_FAMILY = "1,2";
				TEST_HOST = "$(BUILT_PRODUCTS_DIR)/ItsHappening.app/ItsHappening";
			};
			name = Release;
		};
		B3863AA224247ED400FC9C86 /* Debug */ = {
			isa = XCBuildConfiguration;
			baseConfigurationReference = 616E54BEE5E938C9F4C1171E /* Pods-ItsHappening-ItsHappeningUITests.debug.xcconfig */;
			buildSettings = {
				ALWAYS_EMBED_SWIFT_STANDARD_LIBRARIES = YES;
				CODE_SIGN_STYLE = Automatic;
				DEVELOPMENT_TEAM = 58RPV4653W;
				INFOPLIST_FILE = ItsHappeningUITests/Info.plist;
				LD_RUNPATH_SEARCH_PATHS = (
					"$(inherited)",
					"@executable_path/Frameworks",
					"@loader_path/Frameworks",
				);
				PRODUCT_BUNDLE_IDENTIFIER = com.its.happening.ItsHappeningUITests;
				PRODUCT_NAME = "$(TARGET_NAME)";
				SWIFT_VERSION = 5.0;
				TARGETED_DEVICE_FAMILY = "1,2";
				TEST_TARGET_NAME = ItsHappening;
			};
			name = Debug;
		};
		B3863AA324247ED400FC9C86 /* Release */ = {
			isa = XCBuildConfiguration;
			baseConfigurationReference = 69F80B19C3D9C16298A61466 /* Pods-ItsHappening-ItsHappeningUITests.release.xcconfig */;
			buildSettings = {
				ALWAYS_EMBED_SWIFT_STANDARD_LIBRARIES = YES;
				CODE_SIGN_STYLE = Automatic;
				DEVELOPMENT_TEAM = 58RPV4653W;
				INFOPLIST_FILE = ItsHappeningUITests/Info.plist;
				LD_RUNPATH_SEARCH_PATHS = (
					"$(inherited)",
					"@executable_path/Frameworks",
					"@loader_path/Frameworks",
				);
				PRODUCT_BUNDLE_IDENTIFIER = com.its.happening.ItsHappeningUITests;
				PRODUCT_NAME = "$(TARGET_NAME)";
				SWIFT_VERSION = 5.0;
				TARGETED_DEVICE_FAMILY = "1,2";
				TEST_TARGET_NAME = ItsHappening;
			};
			name = Release;
		};
/* End XCBuildConfiguration section */

/* Begin XCConfigurationList section */
		B3863A6C24247ECF00FC9C86 /* Build configuration list for PBXProject "ItsHappening" */ = {
			isa = XCConfigurationList;
			buildConfigurations = (
				B3863A9924247ED400FC9C86 /* Debug */,
				B3863A9A24247ED400FC9C86 /* Release */,
			);
			defaultConfigurationIsVisible = 0;
			defaultConfigurationName = Release;
		};
		B3863A9B24247ED400FC9C86 /* Build configuration list for PBXNativeTarget "ItsHappening" */ = {
			isa = XCConfigurationList;
			buildConfigurations = (
				B3863A9C24247ED400FC9C86 /* Debug */,
				B3863A9D24247ED400FC9C86 /* Release */,
			);
			defaultConfigurationIsVisible = 0;
			defaultConfigurationName = Release;
		};
		B3863A9E24247ED400FC9C86 /* Build configuration list for PBXNativeTarget "ItsHappeningTests" */ = {
			isa = XCConfigurationList;
			buildConfigurations = (
				B3863A9F24247ED400FC9C86 /* Debug */,
				B3863AA024247ED400FC9C86 /* Release */,
			);
			defaultConfigurationIsVisible = 0;
			defaultConfigurationName = Release;
		};
		B3863AA124247ED400FC9C86 /* Build configuration list for PBXNativeTarget "ItsHappeningUITests" */ = {
			isa = XCConfigurationList;
			buildConfigurations = (
				B3863AA224247ED400FC9C86 /* Debug */,
				B3863AA324247ED400FC9C86 /* Release */,
			);
			defaultConfigurationIsVisible = 0;
			defaultConfigurationName = Release;
		};
/* End XCConfigurationList section */
	};
	rootObject = B3863A6924247ECF00FC9C86 /* Project object */;
}
